
Microsoft Visual Studio Solution File, Format Version 12.00
# Visual Studio Version 17
VisualStudioVersion = 17.2.32630.192
MinimumVisualStudioVersion = 10.0.40219.1
Project("{9A19103F-16F7-4668-BE54-9A1E7A4F7556}") = "pratian proj", "pratian proj\pratian proj.csproj", "{0BF6B1A1-825E-446F-B0FD-18985E57B6B5}"
EndProject
Project("{9A19103F-16F7-4668-BE54-9A1E7A4F7556}") = "EvenOdd", "EvenOdd\EvenOdd.csproj", "{9F9C8500-91F3-47A2-9B57-7C50CA498DAF}"
EndProject
Project("{9A19103F-16F7-4668-BE54-9A1E7A4F7556}") = "squares", "squares\squares.csproj", "{719F4514-10C9-4C12-B3D9-889D8A744F11}"
EndProject
Project("{9A19103F-16F7-4668-BE54-9A1E7A4F7556}") = "series10", "series10\series10.csproj", "{51298C01-65E3-4DB8-B2A5-F1C75A47AB6D}"
EndProject
Project("{9A19103F-16F7-4668-BE54-9A1E7A4F7556}") = "powerpower", "powerpower\powerpower.csproj", "{1B4F4E76-95CE-40DC-A5E6-F8930EDB02E9}"
EndProject
Project("{9A19103F-16F7-4668-BE54-9A1E7A4F7556}") = "array17", "array17\array17.csproj", "{C40ADE54-9A6F-4D3F-B834-C2AEDB3B7394}"
EndProject
Project("{FAE04EC0-301F-11D3-BF4B-00C04F79EFBC}") = "student 3", "student 3\student 3.csproj", "{760F23F5-F133-4BEC-8F44-BE8242BABA4B}"
EndProject
Project("{FAE04EC0-301F-11D3-BF4B-00C04F79EFBC}") = "2D array_Identity", "2D array\2D array_Identity.csproj", "{39FE630A-E4CA-4511-AA55-51C59BF2417C}"
EndProject
Project("{FAE04EC0-301F-11D3-BF4B-00C04F79EFBC}") = "2Darray_symmetric", "2Darray_symmetric\2Darray_symmetric.csproj", "{79CA2AAB-4DD5-4309-836A-5C6C62FFFD48}"
EndProject
Project("{FAE04EC0-301F-11D3-BF4B-00C04F79EFBC}") = "customershopping11", "customershopping11\customershopping11.csproj", "{AD2A28D1-D2B3-40E5-BB31-FFE1201966EE}"
EndProject
Project("{FAE04EC0-301F-11D3-BF4B-00C04F79EFBC}") = "series15", "series15\series15.csproj", "{211BD163-F6C0-40F9-BA5E-C5F4C353CBFB}"
EndProject
Project("{FAE04EC0-301F-11D3-BF4B-00C04F79EFBC}") = "series12", "series12\series12.csproj", "{CE549193-EE78-4E71-9B94-C57552BA24E4}"
EndProject
Global
	GlobalSection(SolutionConfigurationPlatforms) = preSolution
		Debug|Any CPU = Debug|Any CPU
		Release|Any CPU = Release|Any CPU
	EndGlobalSection
	GlobalSection(ProjectConfigurationPlatforms) = postSolution
		{0BF6B1A1-825E-446F-B0FD-18985E57B6B5}.Debug|Any CPU.ActiveCfg = Debug|Any CPU
		{0BF6B1A1-825E-446F-B0FD-18985E57B6B5}.Debug|Any CPU.Build.0 = Debug|Any CPU
		{0BF6B1A1-825E-446F-B0FD-18985E57B6B5}.Release|Any CPU.ActiveCfg = Release|Any CPU
		{0BF6B1A1-825E-446F-B0FD-18985E57B6B5}.Release|Any CPU.Build.0 = Release|Any CPU
		{9F9C8500-91F3-47A2-9B57-7C50CA498DAF}.Debug|Any CPU.ActiveCfg = Debug|Any CPU
		{9F9C8500-91F3-47A2-9B57-7C50CA498DAF}.Debug|Any CPU.Build.0 = Debug|Any CPU
		{9F9C8500-91F3-47A2-9B57-7C50CA498DAF}.Release|Any CPU.ActiveCfg = Release|Any CPU
		{9F9C8500-91F3-47A2-9B57-7C50CA498DAF}.Release|Any CPU.Build.0 = Release|Any CPU
		{719F4514-10C9-4C12-B3D9-889D8A744F11}.Debug|Any CPU.ActiveCfg = Debug|Any CPU
		{719F4514-10C9-4C12-B3D9-889D8A744F11}.Debug|Any CPU.Build.0 = Debug|Any CPU
		{719F4514-10C9-4C12-B3D9-889D8A744F11}.Release|Any CPU.ActiveCfg = Release|Any CPU
		{719F4514-10C9-4C12-B3D9-889D8A744F11}.Release|Any CPU.Build.0 = Release|Any CPU
		{51298C01-65E3-4DB8-B2A5-F1C75A47AB6D}.Debug|Any CPU.ActiveCfg = Debug|Any CPU
		{51298C01-65E3-4DB8-B2A5-F1C75A47AB6D}.Debug|Any CPU.Build.0 = Debug|Any CPU
		{51298C01-65E3-4DB8-B2A5-F1C75A47AB6D}.Release|Any CPU.ActiveCfg = Release|Any CPU
		{51298C01-65E3-4DB8-B2A5-F1C75A47AB6D}.Release|Any CPU.Build.0 = Release|Any CPU
		{1B4F4E76-95CE-40DC-A5E6-F8930EDB02E9}.Debug|Any CPU.ActiveCfg = Debug|Any CPU
		{1B4F4E76-95CE-40DC-A5E6-F8930EDB02E9}.Debug|Any CPU.Build.0 = Debug|Any CPU
		{1B4F4E76-95CE-40DC-A5E6-F8930EDB02E9}.Release|Any CPU.ActiveCfg = Release|Any CPU
		{1B4F4E76-95CE-40DC-A5E6-F8930EDB02E9}.Release|Any CPU.Build.0 = Release|Any CPU
		{C40ADE54-9A6F-4D3F-B834-C2AEDB3B7394}.Debug|Any CPU.ActiveCfg = Debug|Any CPU
		{C40ADE54-9A6F-4D3F-B834-C2AEDB3B7394}.Debug|Any CPU.Build.0 = Debug|Any CPU
		{C40ADE54-9A6F-4D3F-B834-C2AEDB3B7394}.Release|Any CPU.ActiveCfg = Release|Any CPU
		{C40ADE54-9A6F-4D3F-B834-C2AEDB3B7394}.Release|Any CPU.Build.0 = Release|Any CPU
		{760F23F5-F133-4BEC-8F44-BE8242BABA4B}.Debug|Any CPU.ActiveCfg = Debug|Any CPU
		{760F23F5-F133-4BEC-8F44-BE8242BABA4B}.Debug|Any CPU.Build.0 = Debug|Any CPU
		{760F23F5-F133-4BEC-8F44-BE8242BABA4B}.Release|Any CPU.ActiveCfg = Release|Any CPU
		{760F23F5-F133-4BEC-8F44-BE8242BABA4B}.Release|Any CPU.Build.0 = Release|Any CPU
		{39FE630A-E4CA-4511-AA55-51C59BF2417C}.Debug|Any CPU.ActiveCfg = Debug|Any CPU
		{39FE630A-E4CA-4511-AA55-51C59BF2417C}.Debug|Any CPU.Build.0 = Debug|Any CPU
		{39FE630A-E4CA-4511-AA55-51C59BF2417C}.Release|Any CPU.ActiveCfg = Release|Any CPU
		{39FE630A-E4CA-4511-AA55-51C59BF2417C}.Release|Any CPU.Build.0 = Release|Any CPU
		{79CA2AAB-4DD5-4309-836A-5C6C62FFFD48}.Debug|Any CPU.ActiveCfg = Debug|Any CPU
		{79CA2AAB-4DD5-4309-836A-5C6C62FFFD48}.Debug|Any CPU.Build.0 = Debug|Any CPU
		{79CA2AAB-4DD5-4309-836A-5C6C62FFFD48}.Release|Any CPU.ActiveCfg = Release|Any CPU
		{79CA2AAB-4DD5-4309-836A-5C6C62FFFD48}.Release|Any CPU.Build.0 = Release|Any CPU
		{AD2A28D1-D2B3-40E5-BB31-FFE1201966EE}.Debug|Any CPU.ActiveCfg = Debug|Any CPU
		{AD2A28D1-D2B3-40E5-BB31-FFE1201966EE}.Debug|Any CPU.Build.0 = Debug|Any CPU
		{AD2A28D1-D2B3-40E5-BB31-FFE1201966EE}.Release|Any CPU.ActiveCfg = Release|Any CPU
		{AD2A28D1-D2B3-40E5-BB31-FFE1201966EE}.Release|Any CPU.Build.0 = Release|Any CPU
		{211BD163-F6C0-40F9-BA5E-C5F4C353CBFB}.Debug|Any CPU.ActiveCfg = Debug|Any CPU
		{211BD163-F6C0-40F9-BA5E-C5F4C353CBFB}.Debug|Any CPU.Build.0 = Debug|Any CPU
		{211BD163-F6C0-40F9-BA5E-C5F4C353CBFB}.Release|Any CPU.ActiveCfg = Release|Any CPU
		{211BD163-F6C0-40F9-BA5E-C5F4C353CBFB}.Release|Any CPU.Build.0 = Release|Any CPU
		{CE549193-EE78-4E71-9B94-C57552BA24E4}.Debug|Any CPU.ActiveCfg = Debug|Any CPU
		{CE549193-EE78-4E71-9B94-C57552BA24E4}.Debug|Any CPU.Build.0 = Debug|Any CPU
		{CE549193-EE78-4E71-9B94-C57552BA24E4}.Release|Any CPU.ActiveCfg = Release|Any CPU
		{CE549193-EE78-4E71-9B94-C57552BA24E4}.Release|Any CPU.Build.0 = Release|Any CPU
	EndGlobalSection
	GlobalSection(SolutionProperties) = preSolution
		HideSolutionNode = FALSE
	EndGlobalSection
	GlobalSection(ExtensibilityGlobals) = postSolution
		SolutionGuid = {5CB1BC23-B837-4FF0-B8AF-766330E3F24D}
	EndGlobalSection
EndGlobal
